
Microsoft Visual Studio Solution File, Format Version 12.00
# Visual Studio Version 16
VisualStudioVersion = 16.0.30413.136
MinimumVisualStudioVersion = 10.0.40219.1
Project("{FAE04EC0-301F-11D3-BF4B-00C04F79EFBC}") = "DZ Gestion", "DZ Gestion\DZ Gestion.csproj", "{57251FF4-5565-43E6-98D3-59229640F67D}"
EndProject
Global
	GlobalSection(SolutionConfigurationPlatforms) = preSolution
		Debug|Any CPU = Debug|Any CPU
		Release|Any CPU = Release|Any CPU
	EndGlobalSection
	GlobalSection(ProjectConfigurationPlatforms) = postSolution
		{57251FF4-5565-43E6-98D3-59229640F67D}.Debug|Any CPU.ActiveCfg = Debug|Any CPU
		{57251FF4-5565-43E6-98D3-59229640F67D}.Debug|Any CPU.Build.0 = Debug|Any CPU
		{57251FF4-5565-43E6-98D3-59229640F67D}.Release|Any CPU.ActiveCfg = Release|Any CPU
		{57251FF4-5565-43E6-98D3-59229640F67D}.Release|Any CPU.Build.0 = Release|Any CPU
	EndGlobalSection
	GlobalSection(SolutionProperties) = preSolution
		HideSolutionNode = FALSE
	EndGlobalSection
	GlobalSection(ExtensibilityGlobals) = postSolution
		SolutionGuid = {AA24DDBA-A6B1-469B-926B-E332F255D3E5}
	EndGlobalSection
EndGlobal
